// !$*UTF8*$!
{
	archiveVersion = 1;
	classes = {
	};
	objectVersion = 46;
	objects = {

/* Begin PBXBuildFile section */
		FB5E9D62169F54BE0034B24E /* Foundation.framework in Frameworks */ = {isa = PBXBuildFile; fileRef = FB5E9D61169F54BE0034B24E /* Foundation.framework */; };
		FB5E9D65169F54BE0034B24E /* main.m in Sources */ = {isa = PBXBuildFile; fileRef = FB5E9D64169F54BE0034B24E /* main.m */; };
		FB5E9D69169F54BE0034B24E /* twodimensional.1 in CopyFiles */ = {isa = PBXBuildFile; fileRef = FB5E9D68169F54BE0034B24E /* twodimensional.1 */; };
/* End PBXBuildFile section */

/* Begin PBXCopyFilesBuildPhase section */
		FB5E9D5B169F54BE0034B24E /* CopyFiles */ = {
			isa = PBXCopyFilesBuildPhase;
			buildActionMask = 2147483647;
			dstPath = /usr/share/man/man1/;
			dstSubfolderSpec = 0;
			files = (
				FB5E9D69169F54BE0034B24E /* twodimensional.1 in CopyFiles */,
			);
			runOnlyForDeploymentPostprocessing = 1;
		};
/* End PBXCopyFilesBuildPhase section */

/* Begin PBXFileReference section */
		FB5E9D5D169F54BE0034B24E /* twodimensional */ = {isa = PBXFileReference; explicitFileType = "compiled.mach-o.executable"; includeInIndex = 0; path = twodimensional; sourceTree = BUILT_PRODUCTS_DIR; };
		FB5E9D61169F54BE0034B24E /* Foundation.framework */ = {isa = PBXFileReference; lastKnownFileType = wrapper.framework; name = Foundation.framework; path = System/Library/Frameworks/Foundation.framework; sourceTree = SDKROOT; };
		FB5E9D64169F54BE0034B24E /* main.m */ = {isa = PBXFileReference; lastKnownFileType = sourcecode.c.objc; path = main.m; sourceTree = "<group>"; };
		FB5E9D67169F54BE0034B24E /* twodimensional-Prefix.pch */ = {isa = PBXFileReference; lastKnownFileType = sourcecode.c.h; path = "twodimensional-Prefix.pch"; sourceTree = "<group>"; };
		FB5E9D68169F54BE0034B24E /* twodimensional.1 */ = {isa = PBXFileReference; lastKnownFileType = text.man; path = twodimensional.1; sourceTree = "<group>"; };
/* End PBXFileReference section */

/* Begin PBXFrameworksBuildPhase section */
		FB5E9D5A169F54BE0034B24E /* Frameworks */ = {
			isa = PBXFrameworksBuildPhase;
			buildActionMask = 2147483647;
			files = (
				FB5E9D62169F54BE0034B24E /* Foundation.framework in Frameworks */,
			);
			runOnlyForDeploymentPostprocessing = 0;
		};
/* End PBXFrameworksBuildPhase section */

/* Begin PBXGroup section */
		FB5E9D52169F54BE0034B24E = {
			isa = PBXGroup;
			children = (
				FB5E9D63169F54BE0034B24E /* twodimensional */,
				FB5E9D60169F54BE0034B24E /* Frameworks */,
				FB5E9D5E169F54BE0034B24E /* Products */,
			);
			sourceTree = "<group>";
		};
		FB5E9D5E169F54BE0034B24E /* Products */ = {
			isa = PBXGroup;
			children = (
				FB5E9D5D169F54BE0034B24E /* twodimensional */,
			);
			name = Products;
			sourceTree = "<group>";
		};
		FB5E9D60169F54BE0034B24E /* Frameworks */ = {
			isa = PBXGroup;
			children = (
				FB5E9D61169F54BE0034B24E /* Foundation.framework */,
			);
			name = Frameworks;
			sourceTree = "<group>";
		};
		FB5E9D63169F54BE0034B24E /* twodimensional */ = {
			isa = PBXGroup;
			children = (
				FB5E9D64169F54BE0034B24E /* main.m */,
				FB5E9D68169F54BE0034B24E /* twodimensional.1 */,
				FB5E9D66169F54BE0034B24E /* Supporting Files */,
			);
			path = twodimensional;
			sourceTree = "<group>";
		};
		FB5E9D66169F54BE0034B24E /* Supporting Files */ = {
			isa = PBXGroup;
			children = (
				FB5E9D67169F54BE0034B24E /* twodimensional-Prefix.pch */,
			);
			name = "Supporting Files";
			sourceTree = "<group>";
		};
/* End PBXGroup section */

/* Begin PBXNativeTarget section */
		FB5E9D5C169F54BE0034B24E /* twodimensional */ = {
			isa = PBXNativeTarget;
			buildConfigurationList = FB5E9D6C169F54BE0034B24E /* Build configuration list for PBXNativeTarget "twodimensional" */;
			buildPhases = (
				FB5E9D59169F54BE0034B24E /* Sources */,
				FB5E9D5A169F54BE0034B24E /* Frameworks */,
				FB5E9D5B169F54BE0034B24E /* CopyFiles */,
			);
			buildRules = (
			);
			dependencies = (
			);
			name = twodimensional;
			productName = twodimensional;
			productReference = FB5E9D5D169F54BE0034B24E /* twodimensional */;
			productType = "com.apple.product-type.tool";
		};
/* End PBXNativeTarget section */

/* Begin PBXProject section */
		FB5E9D54169F54BE0034B24E /* Project object */ = {
			isa = PBXProject;
			attributes = {
				LastUpgradeCheck = 0450;
				ORGANIZATIONNAME = "Adriaan Tijsseling";
			};
			buildConfigurationList = FB5E9D57169F54BE0034B24E /* Build configuration list for PBXProject "twodimensional" */;
			compatibilityVersion = "Xcode 3.2";
			developmentRegion = English;
			hasScannedForEncodings = 0;
			knownRegions = (
				en,
			);
			mainGroup = FB5E9D52169F54BE0034B24E;
			productRefGroup = FB5E9D5E169F54BE0034B24E /* Products */;
			projectDirPath = "";
			projectRoot = "";
			targets = (
				FB5E9D5C169F54BE0034B24E /* twodimensional */,
			);
		};
/* End PBXProject section */

/* Begin PBXSourcesBuildPhase section */
		FB5E9D59169F54BE0034B24E /* Sources */ = {
			isa = PBXSourcesBuildPhase;
			buildActionMask = 2147483647;
			files = (
				FB5E9D65169F54BE0034B24E /* main.m in Sources */,
			);
			runOnlyForDeploymentPostprocessing = 0;
		};
/* End PBXSourcesBuildPhase section */

/* Begin XCBuildConfiguration section */
		FB5E9D6A169F54BE0034B24E /* Debug */ = {
			isa = XCBuildConfiguration;
			buildSettings = {
				ALWAYS_SEARCH_USER_PATHS = NO;
				ARCHS = "$(ARCHS_STANDARD_64_BIT)";
				CLANG_CXX_LANGUAGE_STANDARD = "gnu++0x";
				CLANG_CXX_LIBRARY = "libc++";
				CLANG_ENABLE_OBJC_ARC = YES;
				CLANG_WARN_EMPTY_BODY = YES;
				CLANG_WARN__DUPLICATE_METHOD_MATCH = YES;
				COPY_PHASE_STRIP = NO;
				GCC_C_LANGUAGE_STANDARD = gnu99;
				GCC_DYNAMIC_NO_PIC = NO;
				GCC_ENABLE_OBJC_EXCEPTIONS = YES;
				GCC_OPTIMIZATION_LEVEL = 0;
				GCC_PREPROCESSOR_DEFINITIONS = (
					"DEBUG=1",
					"$(inherited)",
				);
				GCC_SYMBOLS_PRIVATE_EXTERN = NO;
				GCC_WARN_64_TO_32_BIT_CONVERSION = YES;
				GCC_WARN_ABOUT_RETURN_TYPE = YES;
				GCC_WARN_UNINITIALIZED_AUTOS = YES;
				GCC_WARN_UNUSED_VARIABLE = YES;
				MACOSX_DEPLOYMENT_TARGET = 10.8;
				ONLY_ACTIVE_ARCH = YES;
				SDKROOT = macosx;
			};
			name = Debug;
		};
		FB5E9D6B169F54BE0034B24E /* Release */ = {
			isa = XCBuildConfiguration;
			buildSettings = {
				ALWAYS_SEARCH_USER_PATHS = NO;
				ARCHS = "$(ARCHS_STANDARD_64_BIT)";
				CLANG_CXX_LANGUAGE_STANDARD = "gnu++0x";
				CLANG_CXX_LIBRARY = "libc++";
				CLANG_ENABLE_OBJC_ARC = YES;
				CLANG_WARN_EMPTY_BODY = YES;
				CLANG_WARN__DUPLICATE_METHOD_MATCH = YES;
				COPY_PHASE_STRIP = YES;
				DEBUG_INFORMATION_FORMAT = "dwarf-with-dsym";
				GCC_C_LANGUAGE_STANDARD = gnu99;
				GCC_ENABLE_OBJC_EXCEPTIONS = YES;
				GCC_WARN_64_TO_32_BIT_CONVERSION = YES;
				GCC_WARN_ABOUT_RETURN_TYPE = YES;
				GCC_WARN_UNINITIALIZED_AUTOS = YES;
				GCC_WARN_UNUSED_VARIABLE = YES;
				MACOSX_DEPLOYMENT_TARGET = 10.8;
				SDKROOT = macosx;
			};
			name = Release;
		};
		FB5E9D6D169F54BE0034B24E /* Debug */ = {
			isa = XCBuildConfiguration;
			buildSettings = {
				GCC_PRECOMPILE_PREFIX_HEADER = YES;
				GCC_PREFIX_HEADER = "twodimensional/twodimensional-Prefix.pch";
				PRODUCT_NAME = "$(TARGET_NAME)";
			};
			name = Debug;
		};
		FB5E9D6E169F54BE0034B24E /* Release */ = {
			isa = XCBuildConfiguration;
			buildSettings = {
				GCC_PRECOMPILE_PREFIX_HEADER = YES;
				GCC_PREFIX_HEADER = "twodimensional/twodimensional-Prefix.pch";
				PRODUCT_NAME = "$(TARGET_NAME)";
			};
			name = Release;
		};
/* End XCBuildConfiguration section */

/* Begin XCConfigurationList section */
		FB5E9D57169F54BE0034B24E /* Build configuration list for PBXProject "twodimensional" */ = {
			isa = XCConfigurationList;
			buildConfigurations = (
				FB5E9D6A169F54BE0034B24E /* Debug */,
				FB5E9D6B169F54BE0034B24E /* Release */,
			);
			defaultConfigurationIsVisible = 0;
			defaultConfigurationName = Release;
		};
		FB5E9D6C169F54BE0034B24E /* Build configuration list for PBXNativeTarget "twodimensional" */ = {
			isa = XCConfigurationList;
			buildConfigurations = (
				FB5E9D6D169F54BE0034B24E /* Debug */,
				FB5E9D6E169F54BE0034B24E /* Release */,
			);
			defaultConfigurationIsVisible = 0;
		};
/* End XCConfigurationList section */
	};
	rootObject = FB5E9D54169F54BE0034B24E /* Project object */;
}
